
Microsoft Visual Studio Solution File, Format Version 12.00
# Visual Studio Version 16
VisualStudioVersion = 16.0.31321.278
MinimumVisualStudioVersion = 10.0.40219.1
Project("{FAE04EC0-301F-11D3-BF4B-00C04F79EFBC}") = "ProjectCuoiKi_DBMS", "ProjectCuoiKi_DBMS\ProjectCuoiKi_DBMS.csproj", "{1A799172-1163-45EA-8DA6-1A2756473DEB}"
EndProject
Global
	GlobalSection(SolutionConfigurationPlatforms) = preSolution
		Debug|Any CPU = Debug|Any CPU
		Release|Any CPU = Release|Any CPU
	EndGlobalSection
	GlobalSection(ProjectConfigurationPlatforms) = postSolution
		{1A799172-1163-45EA-8DA6-1A2756473DEB}.Debug|Any CPU.ActiveCfg = Debug|Any CPU
		{1A799172-1163-45EA-8DA6-1A2756473DEB}.Debug|Any CPU.Build.0 = Debug|Any CPU
		{1A799172-1163-45EA-8DA6-1A2756473DEB}.Release|Any CPU.ActiveCfg = Release|Any CPU
		{1A799172-1163-45EA-8DA6-1A2756473DEB}.Release|Any CPU.Build.0 = Release|Any CPU
	EndGlobalSection
	GlobalSection(SolutionProperties) = preSolution
		HideSolutionNode = FALSE
	EndGlobalSection
	GlobalSection(ExtensibilityGlobals) = postSolution
		SolutionGuid = {DDFF378F-A720-43E5-B66C-969EBDBFD9E7}
	EndGlobalSection
EndGlobal
